
Microsoft Visual Studio Solution File, Format Version 12.00
# Visual Studio Version 16
VisualStudioVersion = 16.0.30114.105
MinimumVisualStudioVersion = 10.0.40219.1
Project("{2150E333-8FDC-42A3-9474-1A3956D46DE8}") = "src", "src", "{96490B01-0D78-47A8-8FEA-9A6FBC69EED7}"
EndProject
Project("{2150E333-8FDC-42A3-9474-1A3956D46DE8}") = "Services", "Services", "{E4BE325B-B35E-429D-AC12-7FA48D08AE66}"
EndProject
Project("{2150E333-8FDC-42A3-9474-1A3956D46DE8}") = "Identity", "Identity", "{F6D69D00-D04B-4329-BD32-E93BC04F860A}"
EndProject
Project("{FAE04EC0-301F-11D3-BF4B-00C04F79EFBC}") = "MBD.Identity.Domain", "src\Services\Identity\MBD.Identity.Domain\MBD.Identity.Domain.csproj", "{E9AA5D23-2A70-4CB3-AD88-074C50ECF63B}"
EndProject
Project("{2150E333-8FDC-42A3-9474-1A3956D46DE8}") = "Building blocks", "Building blocks", "{DC3EFFB0-2EDC-4883-B2BC-38F8BB784DF6}"
EndProject
Project("{2150E333-8FDC-42A3-9474-1A3956D46DE8}") = "Core", "Core", "{A57DE706-01CE-42D6-BEBE-803ABE35E1F2}"
EndProject
Project("{FAE04EC0-301F-11D3-BF4B-00C04F79EFBC}") = "MBD.Core", "src\Building blocks\Core\MBD.Core\MBD.Core.csproj", "{D1C60BD4-3995-4A13-9C5F-B4ADB71956AB}"
EndProject
Project("{2150E333-8FDC-42A3-9474-1A3956D46DE8}") = "tests", "tests", "{B0118219-470F-4A59-B9A9-A1E20505F644}"
EndProject
Project("{FAE04EC0-301F-11D3-BF4B-00C04F79EFBC}") = "MBD.Identity.Tests", "tests\MBD.Identity.Tests\MBD.Identity.Tests.csproj", "{872B5A2E-4A82-497C-AED4-41825B5AEC39}"
EndProject
Project("{FAE04EC0-301F-11D3-BF4B-00C04F79EFBC}") = "MBD.Identity.Infrastructure", "src\Services\Identity\MBD.Identity.Infrastructure\MBD.Identity.Infrastructure.csproj", "{54E270C1-932B-4D09-AFC7-65ECAFC8C345}"
EndProject
Project("{2150E333-8FDC-42A3-9474-1A3956D46DE8}") = "BankAccounts", "BankAccounts", "{FF5FC030-0DD1-416C-87F7-65605A239CD6}"
EndProject
Project("{FAE04EC0-301F-11D3-BF4B-00C04F79EFBC}") = "MBD.BankAccounts.Domain", "src\Services\BankAccounts\MBD.BankAccounts.Domain\MBD.BankAccounts.Domain.csproj", "{DC05BDD6-47CA-4EDC-8A79-71B70EA331CD}"
EndProject
Project("{FAE04EC0-301F-11D3-BF4B-00C04F79EFBC}") = "MBD.BankAccounts.Tests", "tests\MBD.BankAccounts.Tests\MBD.BankAccounts.Tests.csproj", "{86AA671F-4764-4C88-A1E7-7925F9ACAB83}"
EndProject
Project("{2150E333-8FDC-42A3-9474-1A3956D46DE8}") = "CreditCards", "CreditCards", "{87FB3324-23AA-4A3C-A0B5-C6D1CCF858D9}"
EndProject
Project("{FAE04EC0-301F-11D3-BF4B-00C04F79EFBC}") = "MBD.CreditCards.Domain", "src\Services\CreditCards\MBD.CreditCards.Domain\MBD.CreditCards.Domain.csproj", "{79736BA0-17A1-45A1-8A21-3BC5F5E5D70D}"
EndProject
Project("{FAE04EC0-301F-11D3-BF4B-00C04F79EFBC}") = "MBD.CreditCards.Tests", "tests\MBD.CreditCards.Tests\MBD.CreditCards.Tests.csproj", "{44C402F7-3996-4DBE-A3D9-E83F9CC6682A}"
EndProject
Project("{2150E333-8FDC-42A3-9474-1A3956D46DE8}") = "Transactions", "Transactions", "{07B62069-4E85-4800-9297-4247B6DBFFA2}"
EndProject
Project("{FAE04EC0-301F-11D3-BF4B-00C04F79EFBC}") = "MBD.Transactions.Domain", "src\Services\Transactions\MBD.Transactions.Domain\MBD.Transactions.Domain.csproj", "{A1B4A7B4-8E5D-49E0-BDF9-294F6A772C66}"
EndProject
Project("{FAE04EC0-301F-11D3-BF4B-00C04F79EFBC}") = "MBD.Transactions.Tests", "tests\MBD.Transactions.Tests\MBD.Transactions.Tests.csproj", "{8CD2C7FD-8738-48A7-940C-1921378ECF68}"
EndProject
Project("{FAE04EC0-301F-11D3-BF4B-00C04F79EFBC}") = "MBD.Identity.API", "src\Services\Identity\MBD.Identity.API\MBD.Identity.API.csproj", "{36F44FF8-4759-470D-BA2F-B25B8FFE71F7}"
EndProject
Project("{FAE04EC0-301F-11D3-BF4B-00C04F79EFBC}") = "MBD.Identity.Application", "src\Services\Identity\MBD.Identity.Application\MBD.Identity.Application.csproj", "{7A6B25BC-B20C-464E-8A6B-1BDD597239EF}"
EndProject
Project("{2150E333-8FDC-42A3-9474-1A3956D46DE8}") = "Services", "Services", "{6C37D574-884C-40C3-959D-3CA5F4B562FC}"
EndProject
Project("{FAE04EC0-301F-11D3-BF4B-00C04F79EFBC}") = "MBD.Application.Core", "src\Building blocks\Services\MBD.Application.Core\MBD.Application.Core.csproj", "{12F26CCB-F536-4F0F-B8C0-1E10774EB428}"
EndProject
Project("{FAE04EC0-301F-11D3-BF4B-00C04F79EFBC}") = "MBD.Infrastructure.Core", "src\Building blocks\Core\MBD.Infrastructure.Core\MBD.Infrastructure.Core.csproj", "{F147942D-C760-40BE-BF55-3BBB31DA12BC}"
EndProject
Project("{FAE04EC0-301F-11D3-BF4B-00C04F79EFBC}") = "MBD.BankAccounts.Infrastructure", "src\Services\BankAccounts\MBD.BankAccounts.Infrastructure\MBD.BankAccounts.Infrastructure.csproj", "{3810FCEE-B561-479D-B93C-954C6DE9967B}"
EndProject
Project("{FAE04EC0-301F-11D3-BF4B-00C04F79EFBC}") = "MBD.BankAccounts.Application", "src\Services\BankAccounts\MBD.BankAccounts.Application\MBD.BankAccounts.Application.csproj", "{F8CD30A6-1FE9-44CD-8821-20AB9A296355}"
EndProject
Project("{FAE04EC0-301F-11D3-BF4B-00C04F79EFBC}") = "MBD.BankAccounts.API", "src\Services\BankAccounts\MBD.BankAccounts.API\MBD.BankAccounts.API.csproj", "{EDEADEFA-7183-45F0-8BC8-878455438F46}"
EndProject
Project("{FAE04EC0-301F-11D3-BF4B-00C04F79EFBC}") = "MBD.CreditCards.Infrastructure", "src\Services\CreditCards\MBD.CreditCards.Infrastructure\MBD.CreditCards.Infrastructure.csproj", "{FD6343FB-B1ED-4199-9A57-B44EAEE65A0F}"
EndProject
Project("{FAE04EC0-301F-11D3-BF4B-00C04F79EFBC}") = "MBD.CreditCards.Application", "src\Services\CreditCards\MBD.CreditCards.Application\MBD.CreditCards.Application.csproj", "{628D2E01-E743-4F83-B625-297B0F7DDBDD}"
EndProject
Project("{FAE04EC0-301F-11D3-BF4B-00C04F79EFBC}") = "MBD.CreditCards.API", "src\Services\CreditCards\MBD.CreditCards.API\MBD.CreditCards.API.csproj", "{FCB4B633-7F38-4138-8F57-3817F07F70D8}"
EndProject
Project("{FAE04EC0-301F-11D3-BF4B-00C04F79EFBC}") = "MBD.Transactions.Infrastructure", "src\Services\Transactions\MBD.Transactions.Infrastructure\MBD.Transactions.Infrastructure.csproj", "{9BB81143-B90A-409A-99BC-C28E031AB8DA}"
EndProject
Project("{FAE04EC0-301F-11D3-BF4B-00C04F79EFBC}") = "MBD.Transactions.Application", "src\Services\Transactions\MBD.Transactions.Application\MBD.Transactions.Application.csproj", "{A80DE1EF-04CF-4FA4-9A23-564FACCDB4AB}"
EndProject
Global
	GlobalSection(SolutionConfigurationPlatforms) = preSolution
		Debug|Any CPU = Debug|Any CPU
		Debug|x64 = Debug|x64
		Debug|x86 = Debug|x86
		Release|Any CPU = Release|Any CPU
		Release|x64 = Release|x64
		Release|x86 = Release|x86
	EndGlobalSection
	GlobalSection(SolutionProperties) = preSolution
		HideSolutionNode = FALSE
	EndGlobalSection
	GlobalSection(ProjectConfigurationPlatforms) = postSolution
		{E9AA5D23-2A70-4CB3-AD88-074C50ECF63B}.Debug|Any CPU.ActiveCfg = Debug|Any CPU
		{E9AA5D23-2A70-4CB3-AD88-074C50ECF63B}.Debug|Any CPU.Build.0 = Debug|Any CPU
		{E9AA5D23-2A70-4CB3-AD88-074C50ECF63B}.Debug|x64.ActiveCfg = Debug|Any CPU
		{E9AA5D23-2A70-4CB3-AD88-074C50ECF63B}.Debug|x64.Build.0 = Debug|Any CPU
		{E9AA5D23-2A70-4CB3-AD88-074C50ECF63B}.Debug|x86.ActiveCfg = Debug|Any CPU
		{E9AA5D23-2A70-4CB3-AD88-074C50ECF63B}.Debug|x86.Build.0 = Debug|Any CPU
		{E9AA5D23-2A70-4CB3-AD88-074C50ECF63B}.Release|Any CPU.ActiveCfg = Release|Any CPU
		{E9AA5D23-2A70-4CB3-AD88-074C50ECF63B}.Release|Any CPU.Build.0 = Release|Any CPU
		{E9AA5D23-2A70-4CB3-AD88-074C50ECF63B}.Release|x64.ActiveCfg = Release|Any CPU
		{E9AA5D23-2A70-4CB3-AD88-074C50ECF63B}.Release|x64.Build.0 = Release|Any CPU
		{E9AA5D23-2A70-4CB3-AD88-074C50ECF63B}.Release|x86.ActiveCfg = Release|Any CPU
		{E9AA5D23-2A70-4CB3-AD88-074C50ECF63B}.Release|x86.Build.0 = Release|Any CPU
		{D1C60BD4-3995-4A13-9C5F-B4ADB71956AB}.Debug|Any CPU.ActiveCfg = Debug|Any CPU
		{D1C60BD4-3995-4A13-9C5F-B4ADB71956AB}.Debug|Any CPU.Build.0 = Debug|Any CPU
		{D1C60BD4-3995-4A13-9C5F-B4ADB71956AB}.Debug|x64.ActiveCfg = Debug|Any CPU
		{D1C60BD4-3995-4A13-9C5F-B4ADB71956AB}.Debug|x64.Build.0 = Debug|Any CPU
		{D1C60BD4-3995-4A13-9C5F-B4ADB71956AB}.Debug|x86.ActiveCfg = Debug|Any CPU
		{D1C60BD4-3995-4A13-9C5F-B4ADB71956AB}.Debug|x86.Build.0 = Debug|Any CPU
		{D1C60BD4-3995-4A13-9C5F-B4ADB71956AB}.Release|Any CPU.ActiveCfg = Release|Any CPU
		{D1C60BD4-3995-4A13-9C5F-B4ADB71956AB}.Release|Any CPU.Build.0 = Release|Any CPU
		{D1C60BD4-3995-4A13-9C5F-B4ADB71956AB}.Release|x64.ActiveCfg = Release|Any CPU
		{D1C60BD4-3995-4A13-9C5F-B4ADB71956AB}.Release|x64.Build.0 = Release|Any CPU
		{D1C60BD4-3995-4A13-9C5F-B4ADB71956AB}.Release|x86.ActiveCfg = Release|Any CPU
		{D1C60BD4-3995-4A13-9C5F-B4ADB71956AB}.Release|x86.Build.0 = Release|Any CPU
		{872B5A2E-4A82-497C-AED4-41825B5AEC39}.Debug|Any CPU.ActiveCfg = Debug|Any CPU
		{872B5A2E-4A82-497C-AED4-41825B5AEC39}.Debug|Any CPU.Build.0 = Debug|Any CPU
		{872B5A2E-4A82-497C-AED4-41825B5AEC39}.Debug|x64.ActiveCfg = Debug|Any CPU
		{872B5A2E-4A82-497C-AED4-41825B5AEC39}.Debug|x64.Build.0 = Debug|Any CPU
		{872B5A2E-4A82-497C-AED4-41825B5AEC39}.Debug|x86.ActiveCfg = Debug|Any CPU
		{872B5A2E-4A82-497C-AED4-41825B5AEC39}.Debug|x86.Build.0 = Debug|Any CPU
		{872B5A2E-4A82-497C-AED4-41825B5AEC39}.Release|Any CPU.ActiveCfg = Release|Any CPU
		{872B5A2E-4A82-497C-AED4-41825B5AEC39}.Release|Any CPU.Build.0 = Release|Any CPU
		{872B5A2E-4A82-497C-AED4-41825B5AEC39}.Release|x64.ActiveCfg = Release|Any CPU
		{872B5A2E-4A82-497C-AED4-41825B5AEC39}.Release|x64.Build.0 = Release|Any CPU
		{872B5A2E-4A82-497C-AED4-41825B5AEC39}.Release|x86.ActiveCfg = Release|Any CPU
		{872B5A2E-4A82-497C-AED4-41825B5AEC39}.Release|x86.Build.0 = Release|Any CPU
		{54E270C1-932B-4D09-AFC7-65ECAFC8C345}.Debug|Any CPU.ActiveCfg = Debug|Any CPU
		{54E270C1-932B-4D09-AFC7-65ECAFC8C345}.Debug|Any CPU.Build.0 = Debug|Any CPU
		{54E270C1-932B-4D09-AFC7-65ECAFC8C345}.Debug|x64.ActiveCfg = Debug|Any CPU
		{54E270C1-932B-4D09-AFC7-65ECAFC8C345}.Debug|x64.Build.0 = Debug|Any CPU
		{54E270C1-932B-4D09-AFC7-65ECAFC8C345}.Debug|x86.ActiveCfg = Debug|Any CPU
		{54E270C1-932B-4D09-AFC7-65ECAFC8C345}.Debug|x86.Build.0 = Debug|Any CPU
		{54E270C1-932B-4D09-AFC7-65ECAFC8C345}.Release|Any CPU.ActiveCfg = Release|Any CPU
		{54E270C1-932B-4D09-AFC7-65ECAFC8C345}.Release|Any CPU.Build.0 = Release|Any CPU
		{54E270C1-932B-4D09-AFC7-65ECAFC8C345}.Release|x64.ActiveCfg = Release|Any CPU
		{54E270C1-932B-4D09-AFC7-65ECAFC8C345}.Release|x64.Build.0 = Release|Any CPU
		{54E270C1-932B-4D09-AFC7-65ECAFC8C345}.Release|x86.ActiveCfg = Release|Any CPU
		{54E270C1-932B-4D09-AFC7-65ECAFC8C345}.Release|x86.Build.0 = Release|Any CPU
		{DC05BDD6-47CA-4EDC-8A79-71B70EA331CD}.Debug|Any CPU.ActiveCfg = Debug|Any CPU
		{DC05BDD6-47CA-4EDC-8A79-71B70EA331CD}.Debug|Any CPU.Build.0 = Debug|Any CPU
		{DC05BDD6-47CA-4EDC-8A79-71B70EA331CD}.Debug|x64.ActiveCfg = Debug|Any CPU
		{DC05BDD6-47CA-4EDC-8A79-71B70EA331CD}.Debug|x64.Build.0 = Debug|Any CPU
		{DC05BDD6-47CA-4EDC-8A79-71B70EA331CD}.Debug|x86.ActiveCfg = Debug|Any CPU
		{DC05BDD6-47CA-4EDC-8A79-71B70EA331CD}.Debug|x86.Build.0 = Debug|Any CPU
		{DC05BDD6-47CA-4EDC-8A79-71B70EA331CD}.Release|Any CPU.ActiveCfg = Release|Any CPU
		{DC05BDD6-47CA-4EDC-8A79-71B70EA331CD}.Release|Any CPU.Build.0 = Release|Any CPU
		{DC05BDD6-47CA-4EDC-8A79-71B70EA331CD}.Release|x64.ActiveCfg = Release|Any CPU
		{DC05BDD6-47CA-4EDC-8A79-71B70EA331CD}.Release|x64.Build.0 = Release|Any CPU
		{DC05BDD6-47CA-4EDC-8A79-71B70EA331CD}.Release|x86.ActiveCfg = Release|Any CPU
		{DC05BDD6-47CA-4EDC-8A79-71B70EA331CD}.Release|x86.Build.0 = Release|Any CPU
		{86AA671F-4764-4C88-A1E7-7925F9ACAB83}.Debug|Any CPU.ActiveCfg = Debug|Any CPU
		{86AA671F-4764-4C88-A1E7-7925F9ACAB83}.Debug|Any CPU.Build.0 = Debug|Any CPU
		{86AA671F-4764-4C88-A1E7-7925F9ACAB83}.Debug|x64.ActiveCfg = Debug|Any CPU
		{86AA671F-4764-4C88-A1E7-7925F9ACAB83}.Debug|x64.Build.0 = Debug|Any CPU
		{86AA671F-4764-4C88-A1E7-7925F9ACAB83}.Debug|x86.ActiveCfg = Debug|Any CPU
		{86AA671F-4764-4C88-A1E7-7925F9ACAB83}.Debug|x86.Build.0 = Debug|Any CPU
		{86AA671F-4764-4C88-A1E7-7925F9ACAB83}.Release|Any CPU.ActiveCfg = Release|Any CPU
		{86AA671F-4764-4C88-A1E7-7925F9ACAB83}.Release|Any CPU.Build.0 = Release|Any CPU
		{86AA671F-4764-4C88-A1E7-7925F9ACAB83}.Release|x64.ActiveCfg = Release|Any CPU
		{86AA671F-4764-4C88-A1E7-7925F9ACAB83}.Release|x64.Build.0 = Release|Any CPU
		{86AA671F-4764-4C88-A1E7-7925F9ACAB83}.Release|x86.ActiveCfg = Release|Any CPU
		{86AA671F-4764-4C88-A1E7-7925F9ACAB83}.Release|x86.Build.0 = Release|Any CPU
		{79736BA0-17A1-45A1-8A21-3BC5F5E5D70D}.Debug|Any CPU.ActiveCfg = Debug|Any CPU
		{79736BA0-17A1-45A1-8A21-3BC5F5E5D70D}.Debug|Any CPU.Build.0 = Debug|Any CPU
		{79736BA0-17A1-45A1-8A21-3BC5F5E5D70D}.Debug|x64.ActiveCfg = Debug|Any CPU
		{79736BA0-17A1-45A1-8A21-3BC5F5E5D70D}.Debug|x64.Build.0 = Debug|Any CPU
		{79736BA0-17A1-45A1-8A21-3BC5F5E5D70D}.Debug|x86.ActiveCfg = Debug|Any CPU
		{79736BA0-17A1-45A1-8A21-3BC5F5E5D70D}.Debug|x86.Build.0 = Debug|Any CPU
		{79736BA0-17A1-45A1-8A21-3BC5F5E5D70D}.Release|Any CPU.ActiveCfg = Release|Any CPU
		{79736BA0-17A1-45A1-8A21-3BC5F5E5D70D}.Release|Any CPU.Build.0 = Release|Any CPU
		{79736BA0-17A1-45A1-8A21-3BC5F5E5D70D}.Release|x64.ActiveCfg = Release|Any CPU
		{79736BA0-17A1-45A1-8A21-3BC5F5E5D70D}.Release|x64.Build.0 = Release|Any CPU
		{79736BA0-17A1-45A1-8A21-3BC5F5E5D70D}.Release|x86.ActiveCfg = Release|Any CPU
		{79736BA0-17A1-45A1-8A21-3BC5F5E5D70D}.Release|x86.Build.0 = Release|Any CPU
		{44C402F7-3996-4DBE-A3D9-E83F9CC6682A}.Debug|Any CPU.ActiveCfg = Debug|Any CPU
		{44C402F7-3996-4DBE-A3D9-E83F9CC6682A}.Debug|Any CPU.Build.0 = Debug|Any CPU
		{44C402F7-3996-4DBE-A3D9-E83F9CC6682A}.Debug|x64.ActiveCfg = Debug|Any CPU
		{44C402F7-3996-4DBE-A3D9-E83F9CC6682A}.Debug|x64.Build.0 = Debug|Any CPU
		{44C402F7-3996-4DBE-A3D9-E83F9CC6682A}.Debug|x86.ActiveCfg = Debug|Any CPU
		{44C402F7-3996-4DBE-A3D9-E83F9CC6682A}.Debug|x86.Build.0 = Debug|Any CPU
		{44C402F7-3996-4DBE-A3D9-E83F9CC6682A}.Release|Any CPU.ActiveCfg = Release|Any CPU
		{44C402F7-3996-4DBE-A3D9-E83F9CC6682A}.Release|Any CPU.Build.0 = Release|Any CPU
		{44C402F7-3996-4DBE-A3D9-E83F9CC6682A}.Release|x64.ActiveCfg = Release|Any CPU
		{44C402F7-3996-4DBE-A3D9-E83F9CC6682A}.Release|x64.Build.0 = Release|Any CPU
		{44C402F7-3996-4DBE-A3D9-E83F9CC6682A}.Release|x86.ActiveCfg = Release|Any CPU
		{44C402F7-3996-4DBE-A3D9-E83F9CC6682A}.Release|x86.Build.0 = Release|Any CPU
		{A1B4A7B4-8E5D-49E0-BDF9-294F6A772C66}.Debug|Any CPU.ActiveCfg = Debug|Any CPU
		{A1B4A7B4-8E5D-49E0-BDF9-294F6A772C66}.Debug|Any CPU.Build.0 = Debug|Any CPU
		{A1B4A7B4-8E5D-49E0-BDF9-294F6A772C66}.Debug|x64.ActiveCfg = Debug|Any CPU
		{A1B4A7B4-8E5D-49E0-BDF9-294F6A772C66}.Debug|x64.Build.0 = Debug|Any CPU
		{A1B4A7B4-8E5D-49E0-BDF9-294F6A772C66}.Debug|x86.ActiveCfg = Debug|Any CPU
		{A1B4A7B4-8E5D-49E0-BDF9-294F6A772C66}.Debug|x86.Build.0 = Debug|Any CPU
		{A1B4A7B4-8E5D-49E0-BDF9-294F6A772C66}.Release|Any CPU.ActiveCfg = Release|Any CPU
		{A1B4A7B4-8E5D-49E0-BDF9-294F6A772C66}.Release|Any CPU.Build.0 = Release|Any CPU
		{A1B4A7B4-8E5D-49E0-BDF9-294F6A772C66}.Release|x64.ActiveCfg = Release|Any CPU
		{A1B4A7B4-8E5D-49E0-BDF9-294F6A772C66}.Release|x64.Build.0 = Release|Any CPU
		{A1B4A7B4-8E5D-49E0-BDF9-294F6A772C66}.Release|x86.ActiveCfg = Release|Any CPU
		{A1B4A7B4-8E5D-49E0-BDF9-294F6A772C66}.Release|x86.Build.0 = Release|Any CPU
		{8CD2C7FD-8738-48A7-940C-1921378ECF68}.Debug|Any CPU.ActiveCfg = Debug|Any CPU
		{8CD2C7FD-8738-48A7-940C-1921378ECF68}.Debug|Any CPU.Build.0 = Debug|Any CPU
		{8CD2C7FD-8738-48A7-940C-1921378ECF68}.Debug|x64.ActiveCfg = Debug|Any CPU
		{8CD2C7FD-8738-48A7-940C-1921378ECF68}.Debug|x64.Build.0 = Debug|Any CPU
		{8CD2C7FD-8738-48A7-940C-1921378ECF68}.Debug|x86.ActiveCfg = Debug|Any CPU
		{8CD2C7FD-8738-48A7-940C-1921378ECF68}.Debug|x86.Build.0 = Debug|Any CPU
		{8CD2C7FD-8738-48A7-940C-1921378ECF68}.Release|Any CPU.ActiveCfg = Release|Any CPU
		{8CD2C7FD-8738-48A7-940C-1921378ECF68}.Release|Any CPU.Build.0 = Release|Any CPU
		{8CD2C7FD-8738-48A7-940C-1921378ECF68}.Release|x64.ActiveCfg = Release|Any CPU
		{8CD2C7FD-8738-48A7-940C-1921378ECF68}.Release|x64.Build.0 = Release|Any CPU
		{8CD2C7FD-8738-48A7-940C-1921378ECF68}.Release|x86.ActiveCfg = Release|Any CPU
		{8CD2C7FD-8738-48A7-940C-1921378ECF68}.Release|x86.Build.0 = Release|Any CPU
		{36F44FF8-4759-470D-BA2F-B25B8FFE71F7}.Debug|Any CPU.ActiveCfg = Debug|Any CPU
		{36F44FF8-4759-470D-BA2F-B25B8FFE71F7}.Debug|Any CPU.Build.0 = Debug|Any CPU
		{36F44FF8-4759-470D-BA2F-B25B8FFE71F7}.Debug|x64.ActiveCfg = Debug|Any CPU
		{36F44FF8-4759-470D-BA2F-B25B8FFE71F7}.Debug|x64.Build.0 = Debug|Any CPU
		{36F44FF8-4759-470D-BA2F-B25B8FFE71F7}.Debug|x86.ActiveCfg = Debug|Any CPU
		{36F44FF8-4759-470D-BA2F-B25B8FFE71F7}.Debug|x86.Build.0 = Debug|Any CPU
		{36F44FF8-4759-470D-BA2F-B25B8FFE71F7}.Release|Any CPU.ActiveCfg = Release|Any CPU
		{36F44FF8-4759-470D-BA2F-B25B8FFE71F7}.Release|Any CPU.Build.0 = Release|Any CPU
		{36F44FF8-4759-470D-BA2F-B25B8FFE71F7}.Release|x64.ActiveCfg = Release|Any CPU
		{36F44FF8-4759-470D-BA2F-B25B8FFE71F7}.Release|x64.Build.0 = Release|Any CPU
		{36F44FF8-4759-470D-BA2F-B25B8FFE71F7}.Release|x86.ActiveCfg = Release|Any CPU
		{36F44FF8-4759-470D-BA2F-B25B8FFE71F7}.Release|x86.Build.0 = Release|Any CPU
		{7A6B25BC-B20C-464E-8A6B-1BDD597239EF}.Debug|Any CPU.ActiveCfg = Debug|Any CPU
		{7A6B25BC-B20C-464E-8A6B-1BDD597239EF}.Debug|Any CPU.Build.0 = Debug|Any CPU
		{7A6B25BC-B20C-464E-8A6B-1BDD597239EF}.Debug|x64.ActiveCfg = Debug|Any CPU
		{7A6B25BC-B20C-464E-8A6B-1BDD597239EF}.Debug|x64.Build.0 = Debug|Any CPU
		{7A6B25BC-B20C-464E-8A6B-1BDD597239EF}.Debug|x86.ActiveCfg = Debug|Any CPU
		{7A6B25BC-B20C-464E-8A6B-1BDD597239EF}.Debug|x86.Build.0 = Debug|Any CPU
		{7A6B25BC-B20C-464E-8A6B-1BDD597239EF}.Release|Any CPU.ActiveCfg = Release|Any CPU
		{7A6B25BC-B20C-464E-8A6B-1BDD597239EF}.Release|Any CPU.Build.0 = Release|Any CPU
		{7A6B25BC-B20C-464E-8A6B-1BDD597239EF}.Release|x64.ActiveCfg = Release|Any CPU
		{7A6B25BC-B20C-464E-8A6B-1BDD597239EF}.Release|x64.Build.0 = Release|Any CPU
		{7A6B25BC-B20C-464E-8A6B-1BDD597239EF}.Release|x86.ActiveCfg = Release|Any CPU
		{7A6B25BC-B20C-464E-8A6B-1BDD597239EF}.Release|x86.Build.0 = Release|Any CPU
		{12F26CCB-F536-4F0F-B8C0-1E10774EB428}.Debug|Any CPU.ActiveCfg = Debug|Any CPU
		{12F26CCB-F536-4F0F-B8C0-1E10774EB428}.Debug|Any CPU.Build.0 = Debug|Any CPU
		{12F26CCB-F536-4F0F-B8C0-1E10774EB428}.Debug|x64.ActiveCfg = Debug|Any CPU
		{12F26CCB-F536-4F0F-B8C0-1E10774EB428}.Debug|x64.Build.0 = Debug|Any CPU
		{12F26CCB-F536-4F0F-B8C0-1E10774EB428}.Debug|x86.ActiveCfg = Debug|Any CPU
		{12F26CCB-F536-4F0F-B8C0-1E10774EB428}.Debug|x86.Build.0 = Debug|Any CPU
		{12F26CCB-F536-4F0F-B8C0-1E10774EB428}.Release|Any CPU.ActiveCfg = Release|Any CPU
		{12F26CCB-F536-4F0F-B8C0-1E10774EB428}.Release|Any CPU.Build.0 = Release|Any CPU
		{12F26CCB-F536-4F0F-B8C0-1E10774EB428}.Release|x64.ActiveCfg = Release|Any CPU
		{12F26CCB-F536-4F0F-B8C0-1E10774EB428}.Release|x64.Build.0 = Release|Any CPU
		{12F26CCB-F536-4F0F-B8C0-1E10774EB428}.Release|x86.ActiveCfg = Release|Any CPU
		{12F26CCB-F536-4F0F-B8C0-1E10774EB428}.Release|x86.Build.0 = Release|Any CPU
		{F147942D-C760-40BE-BF55-3BBB31DA12BC}.Debug|Any CPU.ActiveCfg = Debug|Any CPU
		{F147942D-C760-40BE-BF55-3BBB31DA12BC}.Debug|Any CPU.Build.0 = Debug|Any CPU
		{F147942D-C760-40BE-BF55-3BBB31DA12BC}.Debug|x64.ActiveCfg = Debug|Any CPU
		{F147942D-C760-40BE-BF55-3BBB31DA12BC}.Debug|x64.Build.0 = Debug|Any CPU
		{F147942D-C760-40BE-BF55-3BBB31DA12BC}.Debug|x86.ActiveCfg = Debug|Any CPU
		{F147942D-C760-40BE-BF55-3BBB31DA12BC}.Debug|x86.Build.0 = Debug|Any CPU
		{F147942D-C760-40BE-BF55-3BBB31DA12BC}.Release|Any CPU.ActiveCfg = Release|Any CPU
		{F147942D-C760-40BE-BF55-3BBB31DA12BC}.Release|Any CPU.Build.0 = Release|Any CPU
		{F147942D-C760-40BE-BF55-3BBB31DA12BC}.Release|x64.ActiveCfg = Release|Any CPU
		{F147942D-C760-40BE-BF55-3BBB31DA12BC}.Release|x64.Build.0 = Release|Any CPU
		{F147942D-C760-40BE-BF55-3BBB31DA12BC}.Release|x86.ActiveCfg = Release|Any CPU
		{F147942D-C760-40BE-BF55-3BBB31DA12BC}.Release|x86.Build.0 = Release|Any CPU
		{3810FCEE-B561-479D-B93C-954C6DE9967B}.Debug|Any CPU.ActiveCfg = Debug|Any CPU
		{3810FCEE-B561-479D-B93C-954C6DE9967B}.Debug|Any CPU.Build.0 = Debug|Any CPU
		{3810FCEE-B561-479D-B93C-954C6DE9967B}.Debug|x64.ActiveCfg = Debug|Any CPU
		{3810FCEE-B561-479D-B93C-954C6DE9967B}.Debug|x64.Build.0 = Debug|Any CPU
		{3810FCEE-B561-479D-B93C-954C6DE9967B}.Debug|x86.ActiveCfg = Debug|Any CPU
		{3810FCEE-B561-479D-B93C-954C6DE9967B}.Debug|x86.Build.0 = Debug|Any CPU
		{3810FCEE-B561-479D-B93C-954C6DE9967B}.Release|Any CPU.ActiveCfg = Release|Any CPU
		{3810FCEE-B561-479D-B93C-954C6DE9967B}.Release|Any CPU.Build.0 = Release|Any CPU
		{3810FCEE-B561-479D-B93C-954C6DE9967B}.Release|x64.ActiveCfg = Release|Any CPU
		{3810FCEE-B561-479D-B93C-954C6DE9967B}.Release|x64.Build.0 = Release|Any CPU
		{3810FCEE-B561-479D-B93C-954C6DE9967B}.Release|x86.ActiveCfg = Release|Any CPU
		{3810FCEE-B561-479D-B93C-954C6DE9967B}.Release|x86.Build.0 = Release|Any CPU
		{F8CD30A6-1FE9-44CD-8821-20AB9A296355}.Debug|Any CPU.ActiveCfg = Debug|Any CPU
		{F8CD30A6-1FE9-44CD-8821-20AB9A296355}.Debug|Any CPU.Build.0 = Debug|Any CPU
		{F8CD30A6-1FE9-44CD-8821-20AB9A296355}.Debug|x64.ActiveCfg = Debug|Any CPU
		{F8CD30A6-1FE9-44CD-8821-20AB9A296355}.Debug|x64.Build.0 = Debug|Any CPU
		{F8CD30A6-1FE9-44CD-8821-20AB9A296355}.Debug|x86.ActiveCfg = Debug|Any CPU
		{F8CD30A6-1FE9-44CD-8821-20AB9A296355}.Debug|x86.Build.0 = Debug|Any CPU
		{F8CD30A6-1FE9-44CD-8821-20AB9A296355}.Release|Any CPU.ActiveCfg = Release|Any CPU
		{F8CD30A6-1FE9-44CD-8821-20AB9A296355}.Release|Any CPU.Build.0 = Release|Any CPU
		{F8CD30A6-1FE9-44CD-8821-20AB9A296355}.Release|x64.ActiveCfg = Release|Any CPU
		{F8CD30A6-1FE9-44CD-8821-20AB9A296355}.Release|x64.Build.0 = Release|Any CPU
		{F8CD30A6-1FE9-44CD-8821-20AB9A296355}.Release|x86.ActiveCfg = Release|Any CPU
		{F8CD30A6-1FE9-44CD-8821-20AB9A296355}.Release|x86.Build.0 = Release|Any CPU
		{EDEADEFA-7183-45F0-8BC8-878455438F46}.Debug|Any CPU.ActiveCfg = Debug|Any CPU
		{EDEADEFA-7183-45F0-8BC8-878455438F46}.Debug|Any CPU.Build.0 = Debug|Any CPU
		{EDEADEFA-7183-45F0-8BC8-878455438F46}.Debug|x64.ActiveCfg = Debug|Any CPU
		{EDEADEFA-7183-45F0-8BC8-878455438F46}.Debug|x64.Build.0 = Debug|Any CPU
		{EDEADEFA-7183-45F0-8BC8-878455438F46}.Debug|x86.ActiveCfg = Debug|Any CPU
		{EDEADEFA-7183-45F0-8BC8-878455438F46}.Debug|x86.Build.0 = Debug|Any CPU
		{EDEADEFA-7183-45F0-8BC8-878455438F46}.Release|Any CPU.ActiveCfg = Release|Any CPU
		{EDEADEFA-7183-45F0-8BC8-878455438F46}.Release|Any CPU.Build.0 = Release|Any CPU
		{EDEADEFA-7183-45F0-8BC8-878455438F46}.Release|x64.ActiveCfg = Release|Any CPU
		{EDEADEFA-7183-45F0-8BC8-878455438F46}.Release|x64.Build.0 = Release|Any CPU
		{EDEADEFA-7183-45F0-8BC8-878455438F46}.Release|x86.ActiveCfg = Release|Any CPU
		{EDEADEFA-7183-45F0-8BC8-878455438F46}.Release|x86.Build.0 = Release|Any CPU
		{FD6343FB-B1ED-4199-9A57-B44EAEE65A0F}.Debug|Any CPU.ActiveCfg = Debug|Any CPU
		{FD6343FB-B1ED-4199-9A57-B44EAEE65A0F}.Debug|Any CPU.Build.0 = Debug|Any CPU
		{FD6343FB-B1ED-4199-9A57-B44EAEE65A0F}.Debug|x64.ActiveCfg = Debug|Any CPU
		{FD6343FB-B1ED-4199-9A57-B44EAEE65A0F}.Debug|x64.Build.0 = Debug|Any CPU
		{FD6343FB-B1ED-4199-9A57-B44EAEE65A0F}.Debug|x86.ActiveCfg = Debug|Any CPU
		{FD6343FB-B1ED-4199-9A57-B44EAEE65A0F}.Debug|x86.Build.0 = Debug|Any CPU
		{FD6343FB-B1ED-4199-9A57-B44EAEE65A0F}.Release|Any CPU.ActiveCfg = Release|Any CPU
		{FD6343FB-B1ED-4199-9A57-B44EAEE65A0F}.Release|Any CPU.Build.0 = Release|Any CPU
		{FD6343FB-B1ED-4199-9A57-B44EAEE65A0F}.Release|x64.ActiveCfg = Release|Any CPU
		{FD6343FB-B1ED-4199-9A57-B44EAEE65A0F}.Release|x64.Build.0 = Release|Any CPU
		{FD6343FB-B1ED-4199-9A57-B44EAEE65A0F}.Release|x86.ActiveCfg = Release|Any CPU
		{FD6343FB-B1ED-4199-9A57-B44EAEE65A0F}.Release|x86.Build.0 = Release|Any CPU
		{628D2E01-E743-4F83-B625-297B0F7DDBDD}.Debug|Any CPU.ActiveCfg = Debug|Any CPU
		{628D2E01-E743-4F83-B625-297B0F7DDBDD}.Debug|Any CPU.Build.0 = Debug|Any CPU
		{628D2E01-E743-4F83-B625-297B0F7DDBDD}.Debug|x64.ActiveCfg = Debug|Any CPU
		{628D2E01-E743-4F83-B625-297B0F7DDBDD}.Debug|x64.Build.0 = Debug|Any CPU
		{628D2E01-E743-4F83-B625-297B0F7DDBDD}.Debug|x86.ActiveCfg = Debug|Any CPU
		{628D2E01-E743-4F83-B625-297B0F7DDBDD}.Debug|x86.Build.0 = Debug|Any CPU
		{628D2E01-E743-4F83-B625-297B0F7DDBDD}.Release|Any CPU.ActiveCfg = Release|Any CPU
		{628D2E01-E743-4F83-B625-297B0F7DDBDD}.Release|Any CPU.Build.0 = Release|Any CPU
		{628D2E01-E743-4F83-B625-297B0F7DDBDD}.Release|x64.ActiveCfg = Release|Any CPU
		{628D2E01-E743-4F83-B625-297B0F7DDBDD}.Release|x64.Build.0 = Release|Any CPU
		{628D2E01-E743-4F83-B625-297B0F7DDBDD}.Release|x86.ActiveCfg = Release|Any CPU
		{628D2E01-E743-4F83-B625-297B0F7DDBDD}.Release|x86.Build.0 = Release|Any CPU
		{FCB4B633-7F38-4138-8F57-3817F07F70D8}.Debug|Any CPU.ActiveCfg = Debug|Any CPU
		{FCB4B633-7F38-4138-8F57-3817F07F70D8}.Debug|Any CPU.Build.0 = Debug|Any CPU
		{FCB4B633-7F38-4138-8F57-3817F07F70D8}.Debug|x64.ActiveCfg = Debug|Any CPU
		{FCB4B633-7F38-4138-8F57-3817F07F70D8}.Debug|x64.Build.0 = Debug|Any CPU
		{FCB4B633-7F38-4138-8F57-3817F07F70D8}.Debug|x86.ActiveCfg = Debug|Any CPU
		{FCB4B633-7F38-4138-8F57-3817F07F70D8}.Debug|x86.Build.0 = Debug|Any CPU
		{FCB4B633-7F38-4138-8F57-3817F07F70D8}.Release|Any CPU.ActiveCfg = Release|Any CPU
		{FCB4B633-7F38-4138-8F57-3817F07F70D8}.Release|Any CPU.Build.0 = Release|Any CPU
		{FCB4B633-7F38-4138-8F57-3817F07F70D8}.Release|x64.ActiveCfg = Release|Any CPU
		{FCB4B633-7F38-4138-8F57-3817F07F70D8}.Release|x64.Build.0 = Release|Any CPU
		{FCB4B633-7F38-4138-8F57-3817F07F70D8}.Release|x86.ActiveCfg = Release|Any CPU
		{FCB4B633-7F38-4138-8F57-3817F07F70D8}.Release|x86.Build.0 = Release|Any CPU
		{9BB81143-B90A-409A-99BC-C28E031AB8DA}.Debug|Any CPU.ActiveCfg = Debug|Any CPU
		{9BB81143-B90A-409A-99BC-C28E031AB8DA}.Debug|Any CPU.Build.0 = Debug|Any CPU
		{9BB81143-B90A-409A-99BC-C28E031AB8DA}.Debug|x64.ActiveCfg = Debug|Any CPU
		{9BB81143-B90A-409A-99BC-C28E031AB8DA}.Debug|x64.Build.0 = Debug|Any CPU
		{9BB81143-B90A-409A-99BC-C28E031AB8DA}.Debug|x86.ActiveCfg = Debug|Any CPU
		{9BB81143-B90A-409A-99BC-C28E031AB8DA}.Debug|x86.Build.0 = Debug|Any CPU
		{9BB81143-B90A-409A-99BC-C28E031AB8DA}.Release|Any CPU.ActiveCfg = Release|Any CPU
		{9BB81143-B90A-409A-99BC-C28E031AB8DA}.Release|Any CPU.Build.0 = Release|Any CPU
		{9BB81143-B90A-409A-99BC-C28E031AB8DA}.Release|x64.ActiveCfg = Release|Any CPU
		{9BB81143-B90A-409A-99BC-C28E031AB8DA}.Release|x64.Build.0 = Release|Any CPU
		{9BB81143-B90A-409A-99BC-C28E031AB8DA}.Release|x86.ActiveCfg = Release|Any CPU
		{9BB81143-B90A-409A-99BC-C28E031AB8DA}.Release|x86.Build.0 = Release|Any CPU
		{A80DE1EF-04CF-4FA4-9A23-564FACCDB4AB}.Debug|Any CPU.ActiveCfg = Debug|Any CPU
		{A80DE1EF-04CF-4FA4-9A23-564FACCDB4AB}.Debug|Any CPU.Build.0 = Debug|Any CPU
		{A80DE1EF-04CF-4FA4-9A23-564FACCDB4AB}.Debug|x64.ActiveCfg = Debug|Any CPU
		{A80DE1EF-04CF-4FA4-9A23-564FACCDB4AB}.Debug|x64.Build.0 = Debug|Any CPU
		{A80DE1EF-04CF-4FA4-9A23-564FACCDB4AB}.Debug|x86.ActiveCfg = Debug|Any CPU
		{A80DE1EF-04CF-4FA4-9A23-564FACCDB4AB}.Debug|x86.Build.0 = Debug|Any CPU
		{A80DE1EF-04CF-4FA4-9A23-564FACCDB4AB}.Release|Any CPU.ActiveCfg = Release|Any CPU
		{A80DE1EF-04CF-4FA4-9A23-564FACCDB4AB}.Release|Any CPU.Build.0 = Release|Any CPU
		{A80DE1EF-04CF-4FA4-9A23-564FACCDB4AB}.Release|x64.ActiveCfg = Release|Any CPU
		{A80DE1EF-04CF-4FA4-9A23-564FACCDB4AB}.Release|x64.Build.0 = Release|Any CPU
		{A80DE1EF-04CF-4FA4-9A23-564FACCDB4AB}.Release|x86.ActiveCfg = Release|Any CPU
		{A80DE1EF-04CF-4FA4-9A23-564FACCDB4AB}.Release|x86.Build.0 = Release|Any CPU
	EndGlobalSection
	GlobalSection(NestedProjects) = preSolution
		{E4BE325B-B35E-429D-AC12-7FA48D08AE66} = {96490B01-0D78-47A8-8FEA-9A6FBC69EED7}
		{F6D69D00-D04B-4329-BD32-E93BC04F860A} = {E4BE325B-B35E-429D-AC12-7FA48D08AE66}
		{E9AA5D23-2A70-4CB3-AD88-074C50ECF63B} = {F6D69D00-D04B-4329-BD32-E93BC04F860A}
		{DC3EFFB0-2EDC-4883-B2BC-38F8BB784DF6} = {96490B01-0D78-47A8-8FEA-9A6FBC69EED7}
		{A57DE706-01CE-42D6-BEBE-803ABE35E1F2} = {DC3EFFB0-2EDC-4883-B2BC-38F8BB784DF6}
		{D1C60BD4-3995-4A13-9C5F-B4ADB71956AB} = {A57DE706-01CE-42D6-BEBE-803ABE35E1F2}
		{872B5A2E-4A82-497C-AED4-41825B5AEC39} = {B0118219-470F-4A59-B9A9-A1E20505F644}
		{54E270C1-932B-4D09-AFC7-65ECAFC8C345} = {F6D69D00-D04B-4329-BD32-E93BC04F860A}
		{FF5FC030-0DD1-416C-87F7-65605A239CD6} = {E4BE325B-B35E-429D-AC12-7FA48D08AE66}
		{DC05BDD6-47CA-4EDC-8A79-71B70EA331CD} = {FF5FC030-0DD1-416C-87F7-65605A239CD6}
		{86AA671F-4764-4C88-A1E7-7925F9ACAB83} = {B0118219-470F-4A59-B9A9-A1E20505F644}
		{87FB3324-23AA-4A3C-A0B5-C6D1CCF858D9} = {E4BE325B-B35E-429D-AC12-7FA48D08AE66}
		{79736BA0-17A1-45A1-8A21-3BC5F5E5D70D} = {87FB3324-23AA-4A3C-A0B5-C6D1CCF858D9}
		{44C402F7-3996-4DBE-A3D9-E83F9CC6682A} = {B0118219-470F-4A59-B9A9-A1E20505F644}
		{07B62069-4E85-4800-9297-4247B6DBFFA2} = {E4BE325B-B35E-429D-AC12-7FA48D08AE66}
		{A1B4A7B4-8E5D-49E0-BDF9-294F6A772C66} = {07B62069-4E85-4800-9297-4247B6DBFFA2}
		{8CD2C7FD-8738-48A7-940C-1921378ECF68} = {B0118219-470F-4A59-B9A9-A1E20505F644}
		{36F44FF8-4759-470D-BA2F-B25B8FFE71F7} = {F6D69D00-D04B-4329-BD32-E93BC04F860A}
		{7A6B25BC-B20C-464E-8A6B-1BDD597239EF} = {F6D69D00-D04B-4329-BD32-E93BC04F860A}
		{6C37D574-884C-40C3-959D-3CA5F4B562FC} = {DC3EFFB0-2EDC-4883-B2BC-38F8BB784DF6}
		{12F26CCB-F536-4F0F-B8C0-1E10774EB428} = {6C37D574-884C-40C3-959D-3CA5F4B562FC}
		{F147942D-C760-40BE-BF55-3BBB31DA12BC} = {A57DE706-01CE-42D6-BEBE-803ABE35E1F2}
		{3810FCEE-B561-479D-B93C-954C6DE9967B} = {FF5FC030-0DD1-416C-87F7-65605A239CD6}
		{F8CD30A6-1FE9-44CD-8821-20AB9A296355} = {FF5FC030-0DD1-416C-87F7-65605A239CD6}
		{EDEADEFA-7183-45F0-8BC8-878455438F46} = {FF5FC030-0DD1-416C-87F7-65605A239CD6}
		{FD6343FB-B1ED-4199-9A57-B44EAEE65A0F} = {87FB3324-23AA-4A3C-A0B5-C6D1CCF858D9}
		{628D2E01-E743-4F83-B625-297B0F7DDBDD} = {87FB3324-23AA-4A3C-A0B5-C6D1CCF858D9}
		{FCB4B633-7F38-4138-8F57-3817F07F70D8} = {87FB3324-23AA-4A3C-A0B5-C6D1CCF858D9}
		{9BB81143-B90A-409A-99BC-C28E031AB8DA} = {07B62069-4E85-4800-9297-4247B6DBFFA2}
		{A80DE1EF-04CF-4FA4-9A23-564FACCDB4AB} = {07B62069-4E85-4800-9297-4247B6DBFFA2}
	EndGlobalSection
EndGlobal
